
Microsoft Visual Studio Solution File, Format Version 12.00
# Visual Studio Version 16
VisualStudioVersion = 16.0.30907.101
MinimumVisualStudioVersion = 10.0.40219.1
Project("{FAE04EC0-301F-11D3-BF4B-00C04F79EFBC}") = "Capstone", "Capstone\Capstone.csproj", "{BB004EFD-B2A5-4AC5-8131-E7D1ADA70DEB}"
EndProject
Global
	GlobalSection(SolutionConfigurationPlatforms) = preSolution
		Debug|Any CPU = Debug|Any CPU
		Release|Any CPU = Release|Any CPU
	EndGlobalSection
	GlobalSection(ProjectConfigurationPlatforms) = postSolution
		{BB004EFD-B2A5-4AC5-8131-E7D1ADA70DEB}.Debug|Any CPU.ActiveCfg = Debug|Any CPU
		{BB004EFD-B2A5-4AC5-8131-E7D1ADA70DEB}.Debug|Any CPU.Build.0 = Debug|Any CPU
		{BB004EFD-B2A5-4AC5-8131-E7D1ADA70DEB}.Release|Any CPU.ActiveCfg = Release|Any CPU
		{BB004EFD-B2A5-4AC5-8131-E7D1ADA70DEB}.Release|Any CPU.Build.0 = Release|Any CPU
	EndGlobalSection
	GlobalSection(SolutionProperties) = preSolution
		HideSolutionNode = FALSE
	EndGlobalSection
	GlobalSection(ExtensibilityGlobals) = postSolution
		SolutionGuid = {99ECD6B6-A9D2-466D-91FD-B9BAEF60A46D}
	EndGlobalSection
EndGlobal
